// !$*UTF8*$!
{
	archiveVersion = 1;
	classes = {
	};
	objectVersion = 56;
	objects = {

/* Begin PBXBuildFile section */
		920A2F222CE4D37E002EB29E /* API.swift in Sources */ = {isa = PBXBuildFile; fileRef = 920A2F212CE4D37E002EB29E /* API.swift */; };
		920A2F242CE4D761002EB29E /* Data.swift in Sources */ = {isa = PBXBuildFile; fileRef = 920A2F232CE4D761002EB29E /* Data.swift */; };
		920A2F292CE578BE002EB29E /* LocalizedError.swift in Sources */ = {isa = PBXBuildFile; fileRef = 920A2F282CE578BE002EB29E /* LocalizedError.swift */; };
		920CCD3F2CE37ECF002C8286 /* RealmManager.swift in Sources */ = {isa = PBXBuildFile; fileRef = 920CCD3E2CE37ECF002C8286 /* RealmManager.swift */; };
		920CCD412CE3A544002C8286 /* PhotoDTO.swift in Sources */ = {isa = PBXBuildFile; fileRef = 920CCD402CE3A544002C8286 /* PhotoDTO.swift */; };
		9213C82F2CE098B500934E14 /* SpyneCameraApp.swift in Sources */ = {isa = PBXBuildFile; fileRef = 9213C82E2CE098B500934E14 /* SpyneCameraApp.swift */; };
		9213C8312CE098B500934E14 /* HomeScreen.swift in Sources */ = {isa = PBXBuildFile; fileRef = 9213C8302CE098B500934E14 /* HomeScreen.swift */; };
		9213C8332CE098B700934E14 /* Assets.xcassets in Resources */ = {isa = PBXBuildFile; fileRef = 9213C8322CE098B700934E14 /* Assets.xcassets */; };
		9213C8362CE098B700934E14 /* Preview Assets.xcassets in Resources */ = {isa = PBXBuildFile; fileRef = 9213C8352CE098B700934E14 /* Preview Assets.xcassets */; };
		9213C8432CE09A6100934E14 /* CaptureSessionManager.swift in Sources */ = {isa = PBXBuildFile; fileRef = 9213C8422CE09A6100934E14 /* CaptureSessionManager.swift */; };
		9213C8452CE09A7000934E14 /* NetworkService.swift in Sources */ = {isa = PBXBuildFile; fileRef = 9213C8442CE09A7000934E14 /* NetworkService.swift */; };
		9244B9982CE66EF1004D8FB3 /* DataFileManager.swift in Sources */ = {isa = PBXBuildFile; fileRef = 9244B9972CE66EF1004D8FB3 /* DataFileManager.swift */; };
		9244B99A2CE68F11004D8FB3 /* PhotoGalleryViewModel.swift in Sources */ = {isa = PBXBuildFile; fileRef = 9244B9992CE68F11004D8FB3 /* PhotoGalleryViewModel.swift */; };
		925D99D42CE2339700B63C89 /* RealmSwift in Embed Frameworks */ = {isa = PBXBuildFile; productRef = 929A382E2CE227CA00D0A436 /* RealmSwift */; settings = {ATTRIBUTES = (CodeSignOnCopy, ); }; };
		925D99D72CE23E2F00B63C89 /* UploadableImageView.swift in Sources */ = {isa = PBXBuildFile; fileRef = 925D99D62CE23E2F00B63C89 /* UploadableImageView.swift */; };
		925D99D92CE2432700B63C89 /* ExpandedPhotoView.swift in Sources */ = {isa = PBXBuildFile; fileRef = 925D99D82CE2432700B63C89 /* ExpandedPhotoView.swift */; };
		925D99DB2CE2544D00B63C89 /* CameraViewModel.swift in Sources */ = {isa = PBXBuildFile; fileRef = 925D99DA2CE2544D00B63C89 /* CameraViewModel.swift */; };
		925D99DD2CE29F5900B63C89 /* PhotoManager.swift in Sources */ = {isa = PBXBuildFile; fileRef = 925D99DC2CE29F5900B63C89 /* PhotoManager.swift */; };
		925D99E02CE2A14800B63C89 /* PhotoCaptureDelegate.swift in Sources */ = {isa = PBXBuildFile; fileRef = 925D99DF2CE2A14800B63C89 /* PhotoCaptureDelegate.swift */; };
		925D99E22CE2A16C00B63C89 /* VideoDataOutputSampleBufferDelegate.swift in Sources */ = {isa = PBXBuildFile; fileRef = 925D99E12CE2A16C00B63C89 /* VideoDataOutputSampleBufferDelegate.swift */; };
		928C75F72CE87CA10062D881 /* ToastManager.swift in Sources */ = {isa = PBXBuildFile; fileRef = 928C75F62CE87CA00062D881 /* ToastManager.swift */; };
		928C75F92CE886030062D881 /* View.swift in Sources */ = {isa = PBXBuildFile; fileRef = 928C75F82CE886030062D881 /* View.swift */; };
		928C75FC2CE8D74F0062D881 /* DataTypes.swift in Sources */ = {isa = PBXBuildFile; fileRef = 928C75FB2CE8D74F0062D881 /* DataTypes.swift */; };
		929A382F2CE227CA00D0A436 /* RealmSwift in Frameworks */ = {isa = PBXBuildFile; productRef = 929A382E2CE227CA00D0A436 /* RealmSwift */; };
		929A38312CE2289000D0A436 /* Photo.swift in Sources */ = {isa = PBXBuildFile; fileRef = 929A38302CE2289000D0A436 /* Photo.swift */; };
		92E16B3A2CE0A3FD00B210E6 /* CameraView.swift in Sources */ = {isa = PBXBuildFile; fileRef = 92E16B392CE0A3FD00B210E6 /* CameraView.swift */; };
		92E16B3C2CE0A64B00B210E6 /* PhotoGalleryView.swift in Sources */ = {isa = PBXBuildFile; fileRef = 92E16B3B2CE0A64B00B210E6 /* PhotoGalleryView.swift */; };
		92E16B3E2CE0C57900B210E6 /* TestView.swift in Sources */ = {isa = PBXBuildFile; fileRef = 92E16B3D2CE0C57900B210E6 /* TestView.swift */; };
		92E16B402CE12F9700B210E6 /* HomeTabBarView.swift in Sources */ = {isa = PBXBuildFile; fileRef = 92E16B3F2CE12F9700B210E6 /* HomeTabBarView.swift */; };
/* End PBXBuildFile section */

/* Begin PBXCopyFilesBuildPhase section */
		925D99D52CE2339700B63C89 /* Embed Frameworks */ = {
			isa = PBXCopyFilesBuildPhase;
			buildActionMask = 2147483647;
			dstPath = "";
			dstSubfolderSpec = 10;
			files = (
				925D99D42CE2339700B63C89 /* RealmSwift in Embed Frameworks */,
			);
			name = "Embed Frameworks";
			runOnlyForDeploymentPostprocessing = 0;
		};
/* End PBXCopyFilesBuildPhase section */

/* Begin PBXFileReference section */
		920A2F212CE4D37E002EB29E /* API.swift */ = {isa = PBXFileReference; lastKnownFileType = sourcecode.swift; path = API.swift; sourceTree = "<group>"; };
		920A2F232CE4D761002EB29E /* Data.swift */ = {isa = PBXFileReference; lastKnownFileType = sourcecode.swift; path = Data.swift; sourceTree = "<group>"; };
		920A2F282CE578BE002EB29E /* LocalizedError.swift */ = {isa = PBXFileReference; lastKnownFileType = sourcecode.swift; path = LocalizedError.swift; sourceTree = "<group>"; };
		920CCD3E2CE37ECF002C8286 /* RealmManager.swift */ = {isa = PBXFileReference; lastKnownFileType = sourcecode.swift; path = RealmManager.swift; sourceTree = "<group>"; };
		920CCD402CE3A544002C8286 /* PhotoDTO.swift */ = {isa = PBXFileReference; lastKnownFileType = sourcecode.swift; path = PhotoDTO.swift; sourceTree = "<group>"; };
		9213C82B2CE098B500934E14 /* SpyneCamera.app */ = {isa = PBXFileReference; explicitFileType = wrapper.application; includeInIndex = 0; path = SpyneCamera.app; sourceTree = BUILT_PRODUCTS_DIR; };
		9213C82E2CE098B500934E14 /* SpyneCameraApp.swift */ = {isa = PBXFileReference; lastKnownFileType = sourcecode.swift; path = SpyneCameraApp.swift; sourceTree = "<group>"; };
		9213C8302CE098B500934E14 /* HomeScreen.swift */ = {isa = PBXFileReference; lastKnownFileType = sourcecode.swift; path = HomeScreen.swift; sourceTree = "<group>"; };
		9213C8322CE098B700934E14 /* Assets.xcassets */ = {isa = PBXFileReference; lastKnownFileType = folder.assetcatalog; path = Assets.xcassets; sourceTree = "<group>"; };
		9213C8352CE098B700934E14 /* Preview Assets.xcassets */ = {isa = PBXFileReference; lastKnownFileType = folder.assetcatalog; path = "Preview Assets.xcassets"; sourceTree = "<group>"; };
		9213C83C2CE0990700934E14 /* SpyneCamera.entitlements */ = {isa = PBXFileReference; lastKnownFileType = text.plist.entitlements; path = SpyneCamera.entitlements; sourceTree = "<group>"; };
		9213C8422CE09A6100934E14 /* CaptureSessionManager.swift */ = {isa = PBXFileReference; lastKnownFileType = sourcecode.swift; path = CaptureSessionManager.swift; sourceTree = "<group>"; };
		9213C8442CE09A7000934E14 /* NetworkService.swift */ = {isa = PBXFileReference; lastKnownFileType = sourcecode.swift; path = NetworkService.swift; sourceTree = "<group>"; };
		9244B9972CE66EF1004D8FB3 /* DataFileManager.swift */ = {isa = PBXFileReference; lastKnownFileType = sourcecode.swift; path = DataFileManager.swift; sourceTree = "<group>"; };
		9244B9992CE68F11004D8FB3 /* PhotoGalleryViewModel.swift */ = {isa = PBXFileReference; lastKnownFileType = sourcecode.swift; path = PhotoGalleryViewModel.swift; sourceTree = "<group>"; };
		925D99D62CE23E2F00B63C89 /* UploadableImageView.swift */ = {isa = PBXFileReference; lastKnownFileType = sourcecode.swift; path = UploadableImageView.swift; sourceTree = "<group>"; };
		925D99D82CE2432700B63C89 /* ExpandedPhotoView.swift */ = {isa = PBXFileReference; lastKnownFileType = sourcecode.swift; path = ExpandedPhotoView.swift; sourceTree = "<group>"; };
		925D99DA2CE2544D00B63C89 /* CameraViewModel.swift */ = {isa = PBXFileReference; lastKnownFileType = sourcecode.swift; path = CameraViewModel.swift; sourceTree = "<group>"; };
		925D99DC2CE29F5900B63C89 /* PhotoManager.swift */ = {isa = PBXFileReference; lastKnownFileType = sourcecode.swift; path = PhotoManager.swift; sourceTree = "<group>"; };
		925D99DF2CE2A14800B63C89 /* PhotoCaptureDelegate.swift */ = {isa = PBXFileReference; lastKnownFileType = sourcecode.swift; path = PhotoCaptureDelegate.swift; sourceTree = "<group>"; };
		925D99E12CE2A16C00B63C89 /* VideoDataOutputSampleBufferDelegate.swift */ = {isa = PBXFileReference; lastKnownFileType = sourcecode.swift; path = VideoDataOutputSampleBufferDelegate.swift; sourceTree = "<group>"; };
		928C75F62CE87CA00062D881 /* ToastManager.swift */ = {isa = PBXFileReference; lastKnownFileType = sourcecode.swift; path = ToastManager.swift; sourceTree = "<group>"; };
		928C75F82CE886030062D881 /* View.swift */ = {isa = PBXFileReference; lastKnownFileType = sourcecode.swift; path = View.swift; sourceTree = "<group>"; };
		928C75FB2CE8D74F0062D881 /* DataTypes.swift */ = {isa = PBXFileReference; lastKnownFileType = sourcecode.swift; path = DataTypes.swift; sourceTree = "<group>"; };
		929A38302CE2289000D0A436 /* Photo.swift */ = {isa = PBXFileReference; lastKnownFileType = sourcecode.swift; path = Photo.swift; sourceTree = "<group>"; };
		92E16B392CE0A3FD00B210E6 /* CameraView.swift */ = {isa = PBXFileReference; lastKnownFileType = sourcecode.swift; path = CameraView.swift; sourceTree = "<group>"; };
		92E16B3B2CE0A64B00B210E6 /* PhotoGalleryView.swift */ = {isa = PBXFileReference; lastKnownFileType = sourcecode.swift; path = PhotoGalleryView.swift; sourceTree = "<group>"; };
		92E16B3D2CE0C57900B210E6 /* TestView.swift */ = {isa = PBXFileReference; lastKnownFileType = sourcecode.swift; path = TestView.swift; sourceTree = "<group>"; };
		92E16B3F2CE12F9700B210E6 /* HomeTabBarView.swift */ = {isa = PBXFileReference; lastKnownFileType = sourcecode.swift; path = HomeTabBarView.swift; sourceTree = "<group>"; };
/* End PBXFileReference section */

/* Begin PBXFrameworksBuildPhase section */
		9213C8282CE098B500934E14 /* Frameworks */ = {
			isa = PBXFrameworksBuildPhase;
			buildActionMask = 2147483647;
			files = (
				929A382F2CE227CA00D0A436 /* RealmSwift in Frameworks */,
			);
			runOnlyForDeploymentPostprocessing = 0;
		};
/* End PBXFrameworksBuildPhase section */

/* Begin PBXGroup section */
		920A2F252CE4D768002EB29E /* Extensions */ = {
			isa = PBXGroup;
			children = (
				920A2F232CE4D761002EB29E /* Data.swift */,
				928C75F82CE886030062D881 /* View.swift */,
			);
			path = Extensions;
			sourceTree = "<group>";
		};
		9213C8222CE098B500934E14 = {
			isa = PBXGroup;
			children = (
				9213C82D2CE098B500934E14 /* SpyneCamera */,
				9213C82C2CE098B500934E14 /* Products */,
			);
			sourceTree = "<group>";
		};
		9213C82C2CE098B500934E14 /* Products */ = {
			isa = PBXGroup;
			children = (
				9213C82B2CE098B500934E14 /* SpyneCamera.app */,
			);
			name = Products;
			sourceTree = "<group>";
		};
		9213C82D2CE098B500934E14 /* SpyneCamera */ = {
			isa = PBXGroup;
			children = (
				9213C82E2CE098B500934E14 /* SpyneCameraApp.swift */,
				9213C8402CE09A2700934E14 /* Networking */,
				925D99DE2CE2A11C00B63C89 /* AVCaptureSession */,
				9213C8412CE09A4000934E14 /* Service */,
				9213C83F2CE09A0800934E14 /* Model */,
				9213C83D2CE099F800934E14 /* View */,
				9213C83E2CE09A0100934E14 /* ViewModel */,
				928C75FA2CE8D1700062D881 /* Support */,
				9213C83C2CE0990700934E14 /* SpyneCamera.entitlements */,
				92E16B3D2CE0C57900B210E6 /* TestView.swift */,
				9213C8322CE098B700934E14 /* Assets.xcassets */,
				9213C8342CE098B700934E14 /* Preview Content */,
			);
			path = SpyneCamera;
			sourceTree = "<group>";
		};
		9213C8342CE098B700934E14 /* Preview Content */ = {
			isa = PBXGroup;
			children = (
				9213C8352CE098B700934E14 /* Preview Assets.xcassets */,
			);
			path = "Preview Content";
			sourceTree = "<group>";
		};
		9213C83D2CE099F800934E14 /* View */ = {
			isa = PBXGroup;
			children = (
				925D99E32CE2A36800B63C89 /* Home */,
				925D99E42CE2A37000B63C89 /* PhotoGallery */,
				92E16B392CE0A3FD00B210E6 /* CameraView.swift */,
			);
			path = View;
			sourceTree = "<group>";
		};
		9213C83E2CE09A0100934E14 /* ViewModel */ = {
			isa = PBXGroup;
			children = (
				9244B9992CE68F11004D8FB3 /* PhotoGalleryViewModel.swift */,
				925D99DA2CE2544D00B63C89 /* CameraViewModel.swift */,
			);
			path = ViewModel;
			sourceTree = "<group>";
		};
		9213C83F2CE09A0800934E14 /* Model */ = {
			isa = PBXGroup;
			children = (
				929A38302CE2289000D0A436 /* Photo.swift */,
				920CCD402CE3A544002C8286 /* PhotoDTO.swift */,
				928C75FB2CE8D74F0062D881 /* DataTypes.swift */,
			);
			path = Model;
			sourceTree = "<group>";
		};
		9213C8402CE09A2700934E14 /* Networking */ = {
			isa = PBXGroup;
			children = (
				920A2F212CE4D37E002EB29E /* API.swift */,
				9213C8442CE09A7000934E14 /* NetworkService.swift */,
			);
			path = Networking;
			sourceTree = "<group>";
		};
		9213C8412CE09A4000934E14 /* Service */ = {
			isa = PBXGroup;
			children = (
				925D99DC2CE29F5900B63C89 /* PhotoManager.swift */,
				920CCD3E2CE37ECF002C8286 /* RealmManager.swift */,
				9244B9972CE66EF1004D8FB3 /* DataFileManager.swift */,
				928C75F62CE87CA00062D881 /* ToastManager.swift */,
			);
			path = Service;
			sourceTree = "<group>";
		};
		925D99DE2CE2A11C00B63C89 /* AVCaptureSession */ = {
			isa = PBXGroup;
			children = (
				9213C8422CE09A6100934E14 /* CaptureSessionManager.swift */,
				925D99DF2CE2A14800B63C89 /* PhotoCaptureDelegate.swift */,
				925D99E12CE2A16C00B63C89 /* VideoDataOutputSampleBufferDelegate.swift */,
			);
			path = AVCaptureSession;
			sourceTree = "<group>";
		};
		925D99E32CE2A36800B63C89 /* Home */ = {
			isa = PBXGroup;
			children = (
				9213C8302CE098B500934E14 /* HomeScreen.swift */,
				92E16B3F2CE12F9700B210E6 /* HomeTabBarView.swift */,
			);
			path = Home;
			sourceTree = "<group>";
		};
		925D99E42CE2A37000B63C89 /* PhotoGallery */ = {
			isa = PBXGroup;
			children = (
				92E16B3B2CE0A64B00B210E6 /* PhotoGalleryView.swift */,
				925D99D62CE23E2F00B63C89 /* UploadableImageView.swift */,
				925D99D82CE2432700B63C89 /* ExpandedPhotoView.swift */,
			);
			path = PhotoGallery;
			sourceTree = "<group>";
		};
		928C75FA2CE8D1700062D881 /* Support */ = {
			isa = PBXGroup;
			children = (
				920A2F252CE4D768002EB29E /* Extensions */,
				920A2F282CE578BE002EB29E /* LocalizedError.swift */,
			);
			path = Support;
			sourceTree = "<group>";
		};
/* End PBXGroup section */

/* Begin PBXNativeTarget section */
		9213C82A2CE098B500934E14 /* SpyneCamera */ = {
			isa = PBXNativeTarget;
			buildConfigurationList = 9213C8392CE098B700934E14 /* Build configuration list for PBXNativeTarget "SpyneCamera" */;
			buildPhases = (
				9213C8272CE098B500934E14 /* Sources */,
				9213C8282CE098B500934E14 /* Frameworks */,
				9213C8292CE098B500934E14 /* Resources */,
				925D99D52CE2339700B63C89 /* Embed Frameworks */,
			);
			buildRules = (
			);
			dependencies = (
			);
			name = SpyneCamera;
			packageProductDependencies = (
				929A382E2CE227CA00D0A436 /* RealmSwift */,
			);
			productName = SpyneCamera;
			productReference = 9213C82B2CE098B500934E14 /* SpyneCamera.app */;
			productType = "com.apple.product-type.application";
		};
/* End PBXNativeTarget section */

/* Begin PBXProject section */
		9213C8232CE098B500934E14 /* Project object */ = {
			isa = PBXProject;
			attributes = {
				BuildIndependentTargetsInParallel = 1;
				LastSwiftUpdateCheck = 1540;
				LastUpgradeCheck = 1540;
				TargetAttributes = {
					9213C82A2CE098B500934E14 = {
						CreatedOnToolsVersion = 15.4;
					};
				};
			};
			buildConfigurationList = 9213C8262CE098B500934E14 /* Build configuration list for PBXProject "SpyneCamera" */;
			compatibilityVersion = "Xcode 14.0";
			developmentRegion = en;
			hasScannedForEncodings = 0;
			knownRegions = (
				en,
				Base,
			);
			mainGroup = 9213C8222CE098B500934E14;
			packageReferences = (
				929A382B2CE227CA00D0A436 /* XCRemoteSwiftPackageReference "realm-swift" */,
			);
			productRefGroup = 9213C82C2CE098B500934E14 /* Products */;
			projectDirPath = "";
			projectRoot = "";
			targets = (
				9213C82A2CE098B500934E14 /* SpyneCamera */,
			);
		};
/* End PBXProject section */

/* Begin PBXResourcesBuildPhase section */
		9213C8292CE098B500934E14 /* Resources */ = {
			isa = PBXResourcesBuildPhase;
			buildActionMask = 2147483647;
			files = (
				9213C8362CE098B700934E14 /* Preview Assets.xcassets in Resources */,
				9213C8332CE098B700934E14 /* Assets.xcassets in Resources */,
			);
			runOnlyForDeploymentPostprocessing = 0;
		};
/* End PBXResourcesBuildPhase section */

/* Begin PBXSourcesBuildPhase section */
		9213C8272CE098B500934E14 /* Sources */ = {
			isa = PBXSourcesBuildPhase;
			buildActionMask = 2147483647;
			files = (
				9213C8452CE09A7000934E14 /* NetworkService.swift in Sources */,
				920A2F222CE4D37E002EB29E /* API.swift in Sources */,
				92E16B3C2CE0A64B00B210E6 /* PhotoGalleryView.swift in Sources */,
				928C75F72CE87CA10062D881 /* ToastManager.swift in Sources */,
				9213C8312CE098B500934E14 /* HomeScreen.swift in Sources */,
				925D99E02CE2A14800B63C89 /* PhotoCaptureDelegate.swift in Sources */,
				9213C82F2CE098B500934E14 /* SpyneCameraApp.swift in Sources */,
				929A38312CE2289000D0A436 /* Photo.swift in Sources */,
				9244B9982CE66EF1004D8FB3 /* DataFileManager.swift in Sources */,
				920CCD412CE3A544002C8286 /* PhotoDTO.swift in Sources */,
				920CCD3F2CE37ECF002C8286 /* RealmManager.swift in Sources */,
				92E16B3E2CE0C57900B210E6 /* TestView.swift in Sources */,
				925D99DD2CE29F5900B63C89 /* PhotoManager.swift in Sources */,
				920A2F242CE4D761002EB29E /* Data.swift in Sources */,
				92E16B402CE12F9700B210E6 /* HomeTabBarView.swift in Sources */,
				92E16B3A2CE0A3FD00B210E6 /* CameraView.swift in Sources */,
				9244B99A2CE68F11004D8FB3 /* PhotoGalleryViewModel.swift in Sources */,
				925D99D92CE2432700B63C89 /* ExpandedPhotoView.swift in Sources */,
				925D99D72CE23E2F00B63C89 /* UploadableImageView.swift in Sources */,
				928C75FC2CE8D74F0062D881 /* DataTypes.swift in Sources */,
				925D99E22CE2A16C00B63C89 /* VideoDataOutputSampleBufferDelegate.swift in Sources */,
				920A2F292CE578BE002EB29E /* LocalizedError.swift in Sources */,
				928C75F92CE886030062D881 /* View.swift in Sources */,
				9213C8432CE09A6100934E14 /* CaptureSessionManager.swift in Sources */,
				925D99DB2CE2544D00B63C89 /* CameraViewModel.swift in Sources */,
			);
			runOnlyForDeploymentPostprocessing = 0;
		};
/* End PBXSourcesBuildPhase section */

/* Begin XCBuildConfiguration section */
		9213C8372CE098B700934E14 /* Debug */ = {
			isa = XCBuildConfiguration;
			buildSettings = {
				ALWAYS_SEARCH_USER_PATHS = NO;
				ASSETCATALOG_COMPILER_GENERATE_SWIFT_ASSET_SYMBOL_EXTENSIONS = YES;
				CLANG_ANALYZER_NONNULL = YES;
				CLANG_ANALYZER_NUMBER_OBJECT_CONVERSION = YES_AGGRESSIVE;
				CLANG_CXX_LANGUAGE_STANDARD = "gnu++20";
				CLANG_ENABLE_MODULES = YES;
				CLANG_ENABLE_OBJC_ARC = YES;
				CLANG_ENABLE_OBJC_WEAK = YES;
				CLANG_WARN_BLOCK_CAPTURE_AUTORELEASING = YES;
				CLANG_WARN_BOOL_CONVERSION = YES;
				CLANG_WARN_COMMA = YES;
				CLANG_WARN_CONSTANT_CONVERSION = YES;
				CLANG_WARN_DEPRECATED_OBJC_IMPLEMENTATIONS = YES;
				CLANG_WARN_DIRECT_OBJC_ISA_USAGE = YES_ERROR;
				CLANG_WARN_DOCUMENTATION_COMMENTS = YES;
				CLANG_WARN_EMPTY_BODY = YES;
				CLANG_WARN_ENUM_CONVERSION = YES;
				CLANG_WARN_INFINITE_RECURSION = YES;
				CLANG_WARN_INT_CONVERSION = YES;
				CLANG_WARN_NON_LITERAL_NULL_CONVERSION = YES;
				CLANG_WARN_OBJC_IMPLICIT_RETAIN_SELF = YES;
				CLANG_WARN_OBJC_LITERAL_CONVERSION = YES;
				CLANG_WARN_OBJC_ROOT_CLASS = YES_ERROR;
				CLANG_WARN_QUOTED_INCLUDE_IN_FRAMEWORK_HEADER = YES;
				CLANG_WARN_RANGE_LOOP_ANALYSIS = YES;
				CLANG_WARN_STRICT_PROTOTYPES = YES;
				CLANG_WARN_SUSPICIOUS_MOVE = YES;
				CLANG_WARN_UNGUARDED_AVAILABILITY = YES_AGGRESSIVE;
				CLANG_WARN_UNREACHABLE_CODE = YES;
				CLANG_WARN__DUPLICATE_METHOD_MATCH = YES;
				COPY_PHASE_STRIP = NO;
				DEBUG_INFORMATION_FORMAT = dwarf;
				ENABLE_STRICT_OBJC_MSGSEND = YES;
				ENABLE_TESTABILITY = YES;
				ENABLE_USER_SCRIPT_SANDBOXING = YES;
				GCC_C_LANGUAGE_STANDARD = gnu17;
				GCC_DYNAMIC_NO_PIC = NO;
				GCC_NO_COMMON_BLOCKS = YES;
				GCC_OPTIMIZATION_LEVEL = 0;
				GCC_PREPROCESSOR_DEFINITIONS = (
					"DEBUG=1",
					"$(inherited)",
				);
				GCC_WARN_64_TO_32_BIT_CONVERSION = YES;
				GCC_WARN_ABOUT_RETURN_TYPE = YES_ERROR;
				GCC_WARN_UNDECLARED_SELECTOR = YES;
				GCC_WARN_UNINITIALIZED_AUTOS = YES_AGGRESSIVE;
				GCC_WARN_UNUSED_FUNCTION = YES;
				GCC_WARN_UNUSED_VARIABLE = YES;
				IPHONEOS_DEPLOYMENT_TARGET = 17.5;
				LOCALIZATION_PREFERS_STRING_CATALOGS = YES;
				MTL_ENABLE_DEBUG_INFO = INCLUDE_SOURCE;
				MTL_FAST_MATH = YES;
				ONLY_ACTIVE_ARCH = YES;
				SDKROOT = iphoneos;
				SWIFT_ACTIVE_COMPILATION_CONDITIONS = "DEBUG $(inherited)";
				SWIFT_OPTIMIZATION_LEVEL = "-Onone";
			};
			name = Debug;
		};
		9213C8382CE098B700934E14 /* Release */ = {
			isa = XCBuildConfiguration;
			buildSettings = {
				ALWAYS_SEARCH_USER_PATHS = NO;
				ASSETCATALOG_COMPILER_GENERATE_SWIFT_ASSET_SYMBOL_EXTENSIONS = YES;
				CLANG_ANALYZER_NONNULL = YES;
				CLANG_ANALYZER_NUMBER_OBJECT_CONVERSION = YES_AGGRESSIVE;
				CLANG_CXX_LANGUAGE_STANDARD = "gnu++20";
				CLANG_ENABLE_MODULES = YES;
				CLANG_ENABLE_OBJC_ARC = YES;
				CLANG_ENABLE_OBJC_WEAK = YES;
				CLANG_WARN_BLOCK_CAPTURE_AUTORELEASING = YES;
				CLANG_WARN_BOOL_CONVERSION = YES;
				CLANG_WARN_COMMA = YES;
				CLANG_WARN_CONSTANT_CONVERSION = YES;
				CLANG_WARN_DEPRECATED_OBJC_IMPLEMENTATIONS = YES;
				CLANG_WARN_DIRECT_OBJC_ISA_USAGE = YES_ERROR;
				CLANG_WARN_DOCUMENTATION_COMMENTS = YES;
				CLANG_WARN_EMPTY_BODY = YES;
				CLANG_WARN_ENUM_CONVERSION = YES;
				CLANG_WARN_INFINITE_RECURSION = YES;
				CLANG_WARN_INT_CONVERSION = YES;
				CLANG_WARN_NON_LITERAL_NULL_CONVERSION = YES;
				CLANG_WARN_OBJC_IMPLICIT_RETAIN_SELF = YES;
				CLANG_WARN_OBJC_LITERAL_CONVERSION = YES;
				CLANG_WARN_OBJC_ROOT_CLASS = YES_ERROR;
				CLANG_WARN_QUOTED_INCLUDE_IN_FRAMEWORK_HEADER = YES;
				CLANG_WARN_RANGE_LOOP_ANALYSIS = YES;
				CLANG_WARN_STRICT_PROTOTYPES = YES;
				CLANG_WARN_SUSPICIOUS_MOVE = YES;
				CLANG_WARN_UNGUARDED_AVAILABILITY = YES_AGGRESSIVE;
				CLANG_WARN_UNREACHABLE_CODE = YES;
				CLANG_WARN__DUPLICATE_METHOD_MATCH = YES;
				COPY_PHASE_STRIP = NO;
				DEBUG_INFORMATION_FORMAT = "dwarf-with-dsym";
				ENABLE_NS_ASSERTIONS = NO;
				ENABLE_STRICT_OBJC_MSGSEND = YES;
				ENABLE_USER_SCRIPT_SANDBOXING = YES;
				GCC_C_LANGUAGE_STANDARD = gnu17;
				GCC_NO_COMMON_BLOCKS = YES;
				GCC_WARN_64_TO_32_BIT_CONVERSION = YES;
				GCC_WARN_ABOUT_RETURN_TYPE = YES_ERROR;
				GCC_WARN_UNDECLARED_SELECTOR = YES;
				GCC_WARN_UNINITIALIZED_AUTOS = YES_AGGRESSIVE;
				GCC_WARN_UNUSED_FUNCTION = YES;
				GCC_WARN_UNUSED_VARIABLE = YES;
				IPHONEOS_DEPLOYMENT_TARGET = 17.5;
				LOCALIZATION_PREFERS_STRING_CATALOGS = YES;
				MTL_ENABLE_DEBUG_INFO = NO;
				MTL_FAST_MATH = YES;
				SDKROOT = iphoneos;
				SWIFT_COMPILATION_MODE = wholemodule;
				VALIDATE_PRODUCT = YES;
			};
			name = Release;
		};
		9213C83A2CE098B700934E14 /* Debug */ = {
			isa = XCBuildConfiguration;
			buildSettings = {
				ASSETCATALOG_COMPILER_APPICON_NAME = AppIcon;
				ASSETCATALOG_COMPILER_GLOBAL_ACCENT_COLOR_NAME = AccentColor;
				CODE_SIGN_ENTITLEMENTS = SpyneCamera/SpyneCamera.entitlements;
				CODE_SIGN_STYLE = Automatic;
				CURRENT_PROJECT_VERSION = 1;
				DEVELOPMENT_ASSET_PATHS = "\"SpyneCamera/Preview Content\"";
				DEVELOPMENT_TEAM = 7C77BL6XPX;
				"ENABLE_HARDENED_RUNTIME[sdk=macosx*]" = YES;
				ENABLE_PREVIEWS = YES;
				GENERATE_INFOPLIST_FILE = YES;
				INFOPLIST_KEY_NSCameraUsageDescription = "This app uses the camera to capture photos.";
				INFOPLIST_KEY_UIApplicationSceneManifest_Generation = YES;
				INFOPLIST_KEY_UIApplicationSupportsIndirectInputEvents = YES;
				INFOPLIST_KEY_UILaunchScreen_Generation = YES;
				INFOPLIST_KEY_UISupportedInterfaceOrientations = UIInterfaceOrientationPortrait;
				INFOPLIST_KEY_UISupportedInterfaceOrientations_iPad = "UIInterfaceOrientationPortrait UIInterfaceOrientationPortraitUpsideDown";
				LD_RUNPATH_SEARCH_PATHS = (
					"$(inherited)",
					"@executable_path/Frameworks",
				);
				MARKETING_VERSION = 1.0;
				PRODUCT_BUNDLE_IDENTIFIER = com.dot.SpyneCamera;
				PRODUCT_NAME = "$(TARGET_NAME)";
				SUPPORTED_PLATFORMS = "iphoneos iphonesimulator";
				SUPPORTS_MACCATALYST = YES;
				SUPPORTS_MAC_DESIGNED_FOR_IPHONE_IPAD = NO;
				SUPPORTS_XR_DESIGNED_FOR_IPHONE_IPAD = NO;
				SWIFT_EMIT_LOC_STRINGS = YES;
				SWIFT_VERSION = 5.0;
				TARGETED_DEVICE_FAMILY = "1,2";
			};
			name = Debug;
		};
		9213C83B2CE098B700934E14 /* Release */ = {
			isa = XCBuildConfiguration;
			buildSettings = {
				ASSETCATALOG_COMPILER_APPICON_NAME = AppIcon;
				ASSETCATALOG_COMPILER_GLOBAL_ACCENT_COLOR_NAME = AccentColor;
				CODE_SIGN_ENTITLEMENTS = SpyneCamera/SpyneCamera.entitlements;
				CODE_SIGN_STYLE = Automatic;
				CURRENT_PROJECT_VERSION = 1;
				DEVELOPMENT_ASSET_PATHS = "\"SpyneCamera/Preview Content\"";
				DEVELOPMENT_TEAM = 7C77BL6XPX;
				"ENABLE_HARDENED_RUNTIME[sdk=macosx*]" = YES;
				ENABLE_PREVIEWS = YES;
				GENERATE_INFOPLIST_FILE = YES;
				INFOPLIST_KEY_NSCameraUsageDescription = "This app uses the camera to capture photos.";
				INFOPLIST_KEY_UIApplicationSceneManifest_Generation = YES;
				INFOPLIST_KEY_UIApplicationSupportsIndirectInputEvents = YES;
				INFOPLIST_KEY_UILaunchScreen_Generation = YES;
				INFOPLIST_KEY_UISupportedInterfaceOrientations = UIInterfaceOrientationPortrait;
				INFOPLIST_KEY_UISupportedInterfaceOrientations_iPad = "UIInterfaceOrientationPortrait UIInterfaceOrientationPortraitUpsideDown";
				LD_RUNPATH_SEARCH_PATHS = (
					"$(inherited)",
					"@executable_path/Frameworks",
				);
				MARKETING_VERSION = 1.0;
				PRODUCT_BUNDLE_IDENTIFIER = com.dot.SpyneCamera;
				PRODUCT_NAME = "$(TARGET_NAME)";
				SUPPORTED_PLATFORMS = "iphoneos iphonesimulator";
				SUPPORTS_MACCATALYST = YES;
				SUPPORTS_MAC_DESIGNED_FOR_IPHONE_IPAD = NO;
				SUPPORTS_XR_DESIGNED_FOR_IPHONE_IPAD = NO;
				SWIFT_EMIT_LOC_STRINGS = YES;
				SWIFT_VERSION = 5.0;
				TARGETED_DEVICE_FAMILY = "1,2";
			};
			name = Release;
		};
/* End XCBuildConfiguration section */

/* Begin XCConfigurationList section */
		9213C8262CE098B500934E14 /* Build configuration list for PBXProject "SpyneCamera" */ = {
			isa = XCConfigurationList;
			buildConfigurations = (
				9213C8372CE098B700934E14 /* Debug */,
				9213C8382CE098B700934E14 /* Release */,
			);
			defaultConfigurationIsVisible = 0;
			defaultConfigurationName = Release;
		};
		9213C8392CE098B700934E14 /* Build configuration list for PBXNativeTarget "SpyneCamera" */ = {
			isa = XCConfigurationList;
			buildConfigurations = (
				9213C83A2CE098B700934E14 /* Debug */,
				9213C83B2CE098B700934E14 /* Release */,
			);
			defaultConfigurationIsVisible = 0;
			defaultConfigurationName = Release;
		};
/* End XCConfigurationList section */

/* Begin XCRemoteSwiftPackageReference section */
		929A382B2CE227CA00D0A436 /* XCRemoteSwiftPackageReference "realm-swift" */ = {
			isa = XCRemoteSwiftPackageReference;
			repositoryURL = "https://github.com/realm/realm-swift.git";
			requirement = {
				kind = upToNextMajorVersion;
				minimumVersion = 10.0.0;
			};
		};
/* End XCRemoteSwiftPackageReference section */

/* Begin XCSwiftPackageProductDependency section */
		929A382E2CE227CA00D0A436 /* RealmSwift */ = {
			isa = XCSwiftPackageProductDependency;
			package = 929A382B2CE227CA00D0A436 /* XCRemoteSwiftPackageReference "realm-swift" */;
			productName = RealmSwift;
		};
/* End XCSwiftPackageProductDependency section */
	};
	rootObject = 9213C8232CE098B500934E14 /* Project object */;
}
